
Microsoft Visual Studio Solution File, Format Version 12.00
# Visual Studio 15
VisualStudioVersion = 15.0.26730.16
MinimumVisualStudioVersion = 10.0.40219.1
Project("{9A19103F-16F7-4668-BE54-9A1E7A4F7556}") = "lab10miya", "lab10_miya\lab10miya.csproj", "{62EA4022-4CF6-4AC7-AA6E-EDC0929E1C89}"
EndProject
Global
	GlobalSection(SolutionConfigurationPlatforms) = preSolution
		Debug|Any CPU = Debug|Any CPU
		Release|Any CPU = Release|Any CPU
	EndGlobalSection
	GlobalSection(ProjectConfigurationPlatforms) = postSolution
		{62EA4022-4CF6-4AC7-AA6E-EDC0929E1C89}.Debug|Any CPU.ActiveCfg = Debug|Any CPU
		{62EA4022-4CF6-4AC7-AA6E-EDC0929E1C89}.Debug|Any CPU.Build.0 = Debug|Any CPU
		{62EA4022-4CF6-4AC7-AA6E-EDC0929E1C89}.Release|Any CPU.ActiveCfg = Release|Any CPU
		{62EA4022-4CF6-4AC7-AA6E-EDC0929E1C89}.Release|Any CPU.Build.0 = Release|Any CPU
	EndGlobalSection
	GlobalSection(SolutionProperties) = preSolution
		HideSolutionNode = FALSE
	EndGlobalSection
	GlobalSection(ExtensibilityGlobals) = postSolution
		SolutionGuid = {DBE211E9-BA6F-49AB-BC30-B36E4DFB8746}
	EndGlobalSection
EndGlobal
